// !$*UTF8*$!
{
	archiveVersion = 1;
	classes = {
	};
	objectVersion = 77;
	objects = {

/* Begin PBXBuildFile section */
		98D43E812EA6FD0C0062C452 /* ObjectBox.xcframework in Frameworks */ = {isa = PBXBuildFile; productRef = 98D43E802EA6FD0C0062C452 /* ObjectBox.xcframework */; };
		98D43E862EA6FE080062C452 /* model-TestObjectBox.json in Resources */ = {isa = PBXBuildFile; fileRef = 98D43E852EA6FE080062C452 /* model-TestObjectBox.json */; };
/* End PBXBuildFile section */

/* Begin PBXContainerItemProxy section */
		98D43E632EA6FCCD0062C452 /* PBXContainerItemProxy */ = {
			isa = PBXContainerItemProxy;
			containerPortal = 98D43E4B2EA6FCCC0062C452 /* Project object */;
			proxyType = 1;
			remoteGlobalIDString = 98D43E522EA6FCCC0062C452;
			remoteInfo = TestObjectBox;
		};
		98D43E6D2EA6FCCD0062C452 /* PBXContainerItemProxy */ = {
			isa = PBXContainerItemProxy;
			containerPortal = 98D43E4B2EA6FCCC0062C452 /* Project object */;
			proxyType = 1;
			remoteGlobalIDString = 98D43E522EA6FCCC0062C452;
			remoteInfo = TestObjectBox;
		};
/* End PBXContainerItemProxy section */

/* Begin PBXFileReference section */
		98D43E532EA6FCCC0062C452 /* TestObjectBox.app */ = {isa = PBXFileReference; explicitFileType = wrapper.application; includeInIndex = 0; path = TestObjectBox.app; sourceTree = BUILT_PRODUCTS_DIR; };
		98D43E622EA6FCCD0062C452 /* TestObjectBoxTests.xctest */ = {isa = PBXFileReference; explicitFileType = wrapper.cfbundle; includeInIndex = 0; path = TestObjectBoxTests.xctest; sourceTree = BUILT_PRODUCTS_DIR; };
		98D43E6C2EA6FCCD0062C452 /* TestObjectBoxUITests.xctest */ = {isa = PBXFileReference; explicitFileType = wrapper.cfbundle; includeInIndex = 0; path = TestObjectBoxUITests.xctest; sourceTree = BUILT_PRODUCTS_DIR; };
		98D43E852EA6FE080062C452 /* model-TestObjectBox.json */ = {isa = PBXFileReference; lastKnownFileType = text.json; path = "model-TestObjectBox.json"; sourceTree = "<group>"; };
/* End PBXFileReference section */

/* Begin PBXFileSystemSynchronizedRootGroup section */
		98D43E552EA6FCCC0062C452 /* TestObjectBox */ = {
			isa = PBXFileSystemSynchronizedRootGroup;
			path = TestObjectBox;
			sourceTree = "<group>";
		};
		98D43E652EA6FCCD0062C452 /* TestObjectBoxTests */ = {
			isa = PBXFileSystemSynchronizedRootGroup;
			path = TestObjectBoxTests;
			sourceTree = "<group>";
		};
		98D43E6F2EA6FCCD0062C452 /* TestObjectBoxUITests */ = {
			isa = PBXFileSystemSynchronizedRootGroup;
			path = TestObjectBoxUITests;
			sourceTree = "<group>";
		};
		98D43E832EA6FD700062C452 /* generated */ = {
			isa = PBXFileSystemSynchronizedRootGroup;
			path = generated;
			sourceTree = "<group>";
		};
/* End PBXFileSystemSynchronizedRootGroup section */

/* Begin PBXFrameworksBuildPhase section */
		98D43E502EA6FCCC0062C452 /* Frameworks */ = {
			isa = PBXFrameworksBuildPhase;
			buildActionMask = 2147483647;
			files = (
				98D43E812EA6FD0C0062C452 /* ObjectBox.xcframework in Frameworks */,
			);
			runOnlyForDeploymentPostprocessing = 0;
		};
		98D43E5F2EA6FCCD0062C452 /* Frameworks */ = {
			isa = PBXFrameworksBuildPhase;
			buildActionMask = 2147483647;
			files = (
			);
			runOnlyForDeploymentPostprocessing = 0;
		};
		98D43E692EA6FCCD0062C452 /* Frameworks */ = {
			isa = PBXFrameworksBuildPhase;
			buildActionMask = 2147483647;
			files = (
			);
			runOnlyForDeploymentPostprocessing = 0;
		};
/* End PBXFrameworksBuildPhase section */

/* Begin PBXGroup section */
		98D43E4A2EA6FCCC0062C452 = {
			isa = PBXGroup;
			children = (
				98D43E552EA6FCCC0062C452 /* TestObjectBox */,
				98D43E652EA6FCCD0062C452 /* TestObjectBoxTests */,
				98D43E6F2EA6FCCD0062C452 /* TestObjectBoxUITests */,
				98D43E542EA6FCCC0062C452 /* Products */,
				98D43E832EA6FD700062C452 /* generated */,
				98D43E852EA6FE080062C452 /* model-TestObjectBox.json */,
			);
			sourceTree = "<group>";
		};
		98D43E542EA6FCCC0062C452 /* Products */ = {
			isa = PBXGroup;
			children = (
				98D43E532EA6FCCC0062C452 /* TestObjectBox.app */,
				98D43E622EA6FCCD0062C452 /* TestObjectBoxTests.xctest */,
				98D43E6C2EA6FCCD0062C452 /* TestObjectBoxUITests.xctest */,
			);
			name = Products;
			sourceTree = "<group>";
		};
/* End PBXGroup section */

/* Begin PBXNativeTarget section */
		98D43E522EA6FCCC0062C452 /* TestObjectBox */ = {
			isa = PBXNativeTarget;
			buildConfigurationList = 98D43E762EA6FCCD0062C452 /* Build configuration list for PBXNativeTarget "TestObjectBox" */;
			buildPhases = (
				98D43E4F2EA6FCCC0062C452 /* Sources */,
				98D43E502EA6FCCC0062C452 /* Frameworks */,
				98D43E512EA6FCCC0062C452 /* Resources */,
			);
			buildRules = (
			);
			dependencies = (
			);
			fileSystemSynchronizedGroups = (
				98D43E552EA6FCCC0062C452 /* TestObjectBox */,
				98D43E832EA6FD700062C452 /* generated */,
			);
			name = TestObjectBox;
			packageProductDependencies = (
				98D43E802EA6FD0C0062C452 /* ObjectBox.xcframework */,
			);
			productName = TestObjectBox;
			productReference = 98D43E532EA6FCCC0062C452 /* TestObjectBox.app */;
			productType = "com.apple.product-type.application";
		};
		98D43E612EA6FCCD0062C452 /* TestObjectBoxTests */ = {
			isa = PBXNativeTarget;
			buildConfigurationList = 98D43E792EA6FCCD0062C452 /* Build configuration list for PBXNativeTarget "TestObjectBoxTests" */;
			buildPhases = (
				98D43E5E2EA6FCCD0062C452 /* Sources */,
				98D43E5F2EA6FCCD0062C452 /* Frameworks */,
				98D43E602EA6FCCD0062C452 /* Resources */,
			);
			buildRules = (
			);
			dependencies = (
				98D43E642EA6FCCD0062C452 /* PBXTargetDependency */,
			);
			fileSystemSynchronizedGroups = (
				98D43E652EA6FCCD0062C452 /* TestObjectBoxTests */,
			);
			name = TestObjectBoxTests;
			packageProductDependencies = (
			);
			productName = TestObjectBoxTests;
			productReference = 98D43E622EA6FCCD0062C452 /* TestObjectBoxTests.xctest */;
			productType = "com.apple.product-type.bundle.unit-test";
		};
		98D43E6B2EA6FCCD0062C452 /* TestObjectBoxUITests */ = {
			isa = PBXNativeTarget;
			buildConfigurationList = 98D43E7C2EA6FCCD0062C452 /* Build configuration list for PBXNativeTarget "TestObjectBoxUITests" */;
			buildPhases = (
				98D43E682EA6FCCD0062C452 /* Sources */,
				98D43E692EA6FCCD0062C452 /* Frameworks */,
				98D43E6A2EA6FCCD0062C452 /* Resources */,
			);
			buildRules = (
			);
			dependencies = (
				98D43E6E2EA6FCCD0062C452 /* PBXTargetDependency */,
			);
			fileSystemSynchronizedGroups = (
				98D43E6F2EA6FCCD0062C452 /* TestObjectBoxUITests */,
			);
			name = TestObjectBoxUITests;
			packageProductDependencies = (
			);
			productName = TestObjectBoxUITests;
			productReference = 98D43E6C2EA6FCCD0062C452 /* TestObjectBoxUITests.xctest */;
			productType = "com.apple.product-type.bundle.ui-testing";
		};
/* End PBXNativeTarget section */

/* Begin PBXProject section */
		98D43E4B2EA6FCCC0062C452 /* Project object */ = {
			isa = PBXProject;
			attributes = {
				BuildIndependentTargetsInParallel = 1;
				LastSwiftUpdateCheck = 2600;
				LastUpgradeCheck = 2600;
				TargetAttributes = {
					98D43E522EA6FCCC0062C452 = {
						CreatedOnToolsVersion = 26.0.1;
					};
					98D43E612EA6FCCD0062C452 = {
						CreatedOnToolsVersion = 26.0.1;
						TestTargetID = 98D43E522EA6FCCC0062C452;
					};
					98D43E6B2EA6FCCD0062C452 = {
						CreatedOnToolsVersion = 26.0.1;
						TestTargetID = 98D43E522EA6FCCC0062C452;
					};
				};
			};
			buildConfigurationList = 98D43E4E2EA6FCCC0062C452 /* Build configuration list for PBXProject "TestObjectBox" */;
			developmentRegion = en;
			hasScannedForEncodings = 0;
			knownRegions = (
				en,
				Base,
			);
			mainGroup = 98D43E4A2EA6FCCC0062C452;
			minimizedProjectReferenceProxies = 1;
			packageReferences = (
				98D43E7F2EA6FD0C0062C452 /* XCRemoteSwiftPackageReference "objectbox-swift-spm" */,
			);
			preferredProjectObjectVersion = 77;
			productRefGroup = 98D43E542EA6FCCC0062C452 /* Products */;
			projectDirPath = "";
			projectRoot = "";
			targets = (
				98D43E522EA6FCCC0062C452 /* TestObjectBox */,
				98D43E612EA6FCCD0062C452 /* TestObjectBoxTests */,
				98D43E6B2EA6FCCD0062C452 /* TestObjectBoxUITests */,
			);
		};
/* End PBXProject section */

/* Begin PBXResourcesBuildPhase section */
		98D43E512EA6FCCC0062C452 /* Resources */ = {
			isa = PBXResourcesBuildPhase;
			buildActionMask = 2147483647;
			files = (
				98D43E862EA6FE080062C452 /* model-TestObjectBox.json in Resources */,
			);
			runOnlyForDeploymentPostprocessing = 0;
		};
		98D43E602EA6FCCD0062C452 /* Resources */ = {
			isa = PBXResourcesBuildPhase;
			buildActionMask = 2147483647;
			files = (
			);
			runOnlyForDeploymentPostprocessing = 0;
		};
		98D43E6A2EA6FCCD0062C452 /* Resources */ = {
			isa = PBXResourcesBuildPhase;
			buildActionMask = 2147483647;
			files = (
			);
			runOnlyForDeploymentPostprocessing = 0;
		};
/* End PBXResourcesBuildPhase section */

/* Begin PBXSourcesBuildPhase section */
		98D43E4F2EA6FCCC0062C452 /* Sources */ = {
			isa = PBXSourcesBuildPhase;
			buildActionMask = 2147483647;
			files = (
			);
			runOnlyForDeploymentPostprocessing = 0;
		};
		98D43E5E2EA6FCCD0062C452 /* Sources */ = {
			isa = PBXSourcesBuildPhase;
			buildActionMask = 2147483647;
			files = (
			);
			runOnlyForDeploymentPostprocessing = 0;
		};
		98D43E682EA6FCCD0062C452 /* Sources */ = {
			isa = PBXSourcesBuildPhase;
			buildActionMask = 2147483647;
			files = (
			);
			runOnlyForDeploymentPostprocessing = 0;
		};
/* End PBXSourcesBuildPhase section */

/* Begin PBXTargetDependency section */
		98D43E642EA6FCCD0062C452 /* PBXTargetDependency */ = {
			isa = PBXTargetDependency;
			target = 98D43E522EA6FCCC0062C452 /* TestObjectBox */;
			targetProxy = 98D43E632EA6FCCD0062C452 /* PBXContainerItemProxy */;
		};
		98D43E6E2EA6FCCD0062C452 /* PBXTargetDependency */ = {
			isa = PBXTargetDependency;
			target = 98D43E522EA6FCCC0062C452 /* TestObjectBox */;
			targetProxy = 98D43E6D2EA6FCCD0062C452 /* PBXContainerItemProxy */;
		};
/* End PBXTargetDependency section */

/* Begin XCBuildConfiguration section */
		98D43E742EA6FCCD0062C452 /* Debug */ = {
			isa = XCBuildConfiguration;
			buildSettings = {
				ALWAYS_SEARCH_USER_PATHS = NO;
				ASSETCATALOG_COMPILER_GENERATE_SWIFT_ASSET_SYMBOL_EXTENSIONS = YES;
				CLANG_ANALYZER_NONNULL = YES;
				CLANG_ANALYZER_NUMBER_OBJECT_CONVERSION = YES_AGGRESSIVE;
				CLANG_CXX_LANGUAGE_STANDARD = "gnu++20";
				CLANG_ENABLE_MODULES = YES;
				CLANG_ENABLE_OBJC_ARC = YES;
				CLANG_ENABLE_OBJC_WEAK = YES;
				CLANG_WARN_BLOCK_CAPTURE_AUTORELEASING = YES;
				CLANG_WARN_BOOL_CONVERSION = YES;
				CLANG_WARN_COMMA = YES;
				CLANG_WARN_CONSTANT_CONVERSION = YES;
				CLANG_WARN_DEPRECATED_OBJC_IMPLEMENTATIONS = YES;
				CLANG_WARN_DIRECT_OBJC_ISA_USAGE = YES_ERROR;
				CLANG_WARN_DOCUMENTATION_COMMENTS = YES;
				CLANG_WARN_EMPTY_BODY = YES;
				CLANG_WARN_ENUM_CONVERSION = YES;
				CLANG_WARN_INFINITE_RECURSION = YES;
				CLANG_WARN_INT_CONVERSION = YES;
				CLANG_WARN_NON_LITERAL_NULL_CONVERSION = YES;
				CLANG_WARN_OBJC_IMPLICIT_RETAIN_SELF = YES;
				CLANG_WARN_OBJC_LITERAL_CONVERSION = YES;
				CLANG_WARN_OBJC_ROOT_CLASS = YES_ERROR;
				CLANG_WARN_QUOTED_INCLUDE_IN_FRAMEWORK_HEADER = YES;
				CLANG_WARN_RANGE_LOOP_ANALYSIS = YES;
				CLANG_WARN_STRICT_PROTOTYPES = YES;
				CLANG_WARN_SUSPICIOUS_MOVE = YES;
				CLANG_WARN_UNGUARDED_AVAILABILITY = YES_AGGRESSIVE;
				CLANG_WARN_UNREACHABLE_CODE = YES;
				CLANG_WARN__DUPLICATE_METHOD_MATCH = YES;
				COPY_PHASE_STRIP = NO;
				DEBUG_INFORMATION_FORMAT = dwarf;
				DEVELOPMENT_TEAM = 2X854V6KAX;
				ENABLE_STRICT_OBJC_MSGSEND = YES;
				ENABLE_TESTABILITY = YES;
				ENABLE_USER_SCRIPT_SANDBOXING = YES;
				GCC_C_LANGUAGE_STANDARD = gnu17;
				GCC_DYNAMIC_NO_PIC = NO;
				GCC_NO_COMMON_BLOCKS = YES;
				GCC_OPTIMIZATION_LEVEL = 0;
				GCC_PREPROCESSOR_DEFINITIONS = (
					"DEBUG=1",
					"$(inherited)",
				);
				GCC_WARN_64_TO_32_BIT_CONVERSION = YES;
				GCC_WARN_ABOUT_RETURN_TYPE = YES_ERROR;
				GCC_WARN_UNDECLARED_SELECTOR = YES;
				GCC_WARN_UNINITIALIZED_AUTOS = YES_AGGRESSIVE;
				GCC_WARN_UNUSED_FUNCTION = YES;
				GCC_WARN_UNUSED_VARIABLE = YES;
				IPHONEOS_DEPLOYMENT_TARGET = 26.0;
				LOCALIZATION_PREFERS_STRING_CATALOGS = YES;
				MTL_ENABLE_DEBUG_INFO = INCLUDE_SOURCE;
				MTL_FAST_MATH = YES;
				ONLY_ACTIVE_ARCH = YES;
				SDKROOT = iphoneos;
				SWIFT_ACTIVE_COMPILATION_CONDITIONS = "DEBUG $(inherited)";
				SWIFT_OPTIMIZATION_LEVEL = "-Onone";
			};
			name = Debug;
		};
		98D43E752EA6FCCD0062C452 /* Release */ = {
			isa = XCBuildConfiguration;
			buildSettings = {
				ALWAYS_SEARCH_USER_PATHS = NO;
				ASSETCATALOG_COMPILER_GENERATE_SWIFT_ASSET_SYMBOL_EXTENSIONS = YES;
				CLANG_ANALYZER_NONNULL = YES;
				CLANG_ANALYZER_NUMBER_OBJECT_CONVERSION = YES_AGGRESSIVE;
				CLANG_CXX_LANGUAGE_STANDARD = "gnu++20";
				CLANG_ENABLE_MODULES = YES;
				CLANG_ENABLE_OBJC_ARC = YES;
				CLANG_ENABLE_OBJC_WEAK = YES;
				CLANG_WARN_BLOCK_CAPTURE_AUTORELEASING = YES;
				CLANG_WARN_BOOL_CONVERSION = YES;
				CLANG_WARN_COMMA = YES;
				CLANG_WARN_CONSTANT_CONVERSION = YES;
				CLANG_WARN_DEPRECATED_OBJC_IMPLEMENTATIONS = YES;
				CLANG_WARN_DIRECT_OBJC_ISA_USAGE = YES_ERROR;
				CLANG_WARN_DOCUMENTATION_COMMENTS = YES;
				CLANG_WARN_EMPTY_BODY = YES;
				CLANG_WARN_ENUM_CONVERSION = YES;
				CLANG_WARN_INFINITE_RECURSION = YES;
				CLANG_WARN_INT_CONVERSION = YES;
				CLANG_WARN_NON_LITERAL_NULL_CONVERSION = YES;
				CLANG_WARN_OBJC_IMPLICIT_RETAIN_SELF = YES;
				CLANG_WARN_OBJC_LITERAL_CONVERSION = YES;
				CLANG_WARN_OBJC_ROOT_CLASS = YES_ERROR;
				CLANG_WARN_QUOTED_INCLUDE_IN_FRAMEWORK_HEADER = YES;
				CLANG_WARN_RANGE_LOOP_ANALYSIS = YES;
				CLANG_WARN_STRICT_PROTOTYPES = YES;
				CLANG_WARN_SUSPICIOUS_MOVE = YES;
				CLANG_WARN_UNGUARDED_AVAILABILITY = YES_AGGRESSIVE;
				CLANG_WARN_UNREACHABLE_CODE = YES;
				CLANG_WARN__DUPLICATE_METHOD_MATCH = YES;
				COPY_PHASE_STRIP = NO;
				DEBUG_INFORMATION_FORMAT = "dwarf-with-dsym";
				DEVELOPMENT_TEAM = 2X854V6KAX;
				ENABLE_NS_ASSERTIONS = NO;
				ENABLE_STRICT_OBJC_MSGSEND = YES;
				ENABLE_USER_SCRIPT_SANDBOXING = YES;
				GCC_C_LANGUAGE_STANDARD = gnu17;
				GCC_NO_COMMON_BLOCKS = YES;
				GCC_WARN_64_TO_32_BIT_CONVERSION = YES;
				GCC_WARN_ABOUT_RETURN_TYPE = YES_ERROR;
				GCC_WARN_UNDECLARED_SELECTOR = YES;
				GCC_WARN_UNINITIALIZED_AUTOS = YES_AGGRESSIVE;
				GCC_WARN_UNUSED_FUNCTION = YES;
				GCC_WARN_UNUSED_VARIABLE = YES;
				IPHONEOS_DEPLOYMENT_TARGET = 26.0;
				LOCALIZATION_PREFERS_STRING_CATALOGS = YES;
				MTL_ENABLE_DEBUG_INFO = NO;
				MTL_FAST_MATH = YES;
				SDKROOT = iphoneos;
				SWIFT_COMPILATION_MODE = wholemodule;
				VALIDATE_PRODUCT = YES;
			};
			name = Release;
		};
		98D43E772EA6FCCD0062C452 /* Debug */ = {
			isa = XCBuildConfiguration;
			buildSettings = {
				ASSETCATALOG_COMPILER_APPICON_NAME = AppIcon;
				ASSETCATALOG_COMPILER_GLOBAL_ACCENT_COLOR_NAME = AccentColor;
				CODE_SIGN_STYLE = Automatic;
				CURRENT_PROJECT_VERSION = 1;
				DEVELOPMENT_TEAM = 2X854V6KAX;
				ENABLE_PREVIEWS = YES;
				GENERATE_INFOPLIST_FILE = YES;
				INFOPLIST_KEY_UIApplicationSceneManifest_Generation = YES;
				INFOPLIST_KEY_UIApplicationSupportsIndirectInputEvents = YES;
				INFOPLIST_KEY_UILaunchScreen_Generation = YES;
				INFOPLIST_KEY_UISupportedInterfaceOrientations_iPad = "UIInterfaceOrientationPortrait UIInterfaceOrientationPortraitUpsideDown UIInterfaceOrientationLandscapeLeft UIInterfaceOrientationLandscapeRight";
				INFOPLIST_KEY_UISupportedInterfaceOrientations_iPhone = "UIInterfaceOrientationPortrait UIInterfaceOrientationLandscapeLeft UIInterfaceOrientationLandscapeRight";
				LD_RUNPATH_SEARCH_PATHS = (
					"$(inherited)",
					"@executable_path/Frameworks",
				);
				MARKETING_VERSION = 1.0;
				PRODUCT_BUNDLE_IDENTIFIER = com.synk.TestObjectBox;
				PRODUCT_NAME = "$(TARGET_NAME)";
				STRING_CATALOG_GENERATE_SYMBOLS = YES;
				SWIFT_APPROACHABLE_CONCURRENCY = YES;
				SWIFT_DEFAULT_ACTOR_ISOLATION = MainActor;
				SWIFT_EMIT_LOC_STRINGS = YES;
				SWIFT_UPCOMING_FEATURE_MEMBER_IMPORT_VISIBILITY = YES;
				SWIFT_VERSION = 5.0;
				TARGETED_DEVICE_FAMILY = "1,2";
			};
			name = Debug;
		};
		98D43E782EA6FCCD0062C452 /* Release */ = {
			isa = XCBuildConfiguration;
			buildSettings = {
				ASSETCATALOG_COMPILER_APPICON_NAME = AppIcon;
				ASSETCATALOG_COMPILER_GLOBAL_ACCENT_COLOR_NAME = AccentColor;
				CODE_SIGN_STYLE = Automatic;
				CURRENT_PROJECT_VERSION = 1;
				DEVELOPMENT_TEAM = 2X854V6KAX;
				ENABLE_PREVIEWS = YES;
				GENERATE_INFOPLIST_FILE = YES;
				INFOPLIST_KEY_UIApplicationSceneManifest_Generation = YES;
				INFOPLIST_KEY_UIApplicationSupportsIndirectInputEvents = YES;
				INFOPLIST_KEY_UILaunchScreen_Generation = YES;
				INFOPLIST_KEY_UISupportedInterfaceOrientations_iPad = "UIInterfaceOrientationPortrait UIInterfaceOrientationPortraitUpsideDown UIInterfaceOrientationLandscapeLeft UIInterfaceOrientationLandscapeRight";
				INFOPLIST_KEY_UISupportedInterfaceOrientations_iPhone = "UIInterfaceOrientationPortrait UIInterfaceOrientationLandscapeLeft UIInterfaceOrientationLandscapeRight";
				LD_RUNPATH_SEARCH_PATHS = (
					"$(inherited)",
					"@executable_path/Frameworks",
				);
				MARKETING_VERSION = 1.0;
				PRODUCT_BUNDLE_IDENTIFIER = com.synk.TestObjectBox;
				PRODUCT_NAME = "$(TARGET_NAME)";
				STRING_CATALOG_GENERATE_SYMBOLS = YES;
				SWIFT_APPROACHABLE_CONCURRENCY = YES;
				SWIFT_DEFAULT_ACTOR_ISOLATION = MainActor;
				SWIFT_EMIT_LOC_STRINGS = YES;
				SWIFT_UPCOMING_FEATURE_MEMBER_IMPORT_VISIBILITY = YES;
				SWIFT_VERSION = 5.0;
				TARGETED_DEVICE_FAMILY = "1,2";
			};
			name = Release;
		};
		98D43E7A2EA6FCCD0062C452 /* Debug */ = {
			isa = XCBuildConfiguration;
			buildSettings = {
				BUNDLE_LOADER = "$(TEST_HOST)";
				CODE_SIGN_STYLE = Automatic;
				CURRENT_PROJECT_VERSION = 1;
				DEVELOPMENT_TEAM = 2X854V6KAX;
				GENERATE_INFOPLIST_FILE = YES;
				IPHONEOS_DEPLOYMENT_TARGET = 26.0;
				MARKETING_VERSION = 1.0;
				PRODUCT_BUNDLE_IDENTIFIER = com.synk.TestObjectBoxTests;
				PRODUCT_NAME = "$(TARGET_NAME)";
				STRING_CATALOG_GENERATE_SYMBOLS = NO;
				SWIFT_APPROACHABLE_CONCURRENCY = YES;
				SWIFT_EMIT_LOC_STRINGS = NO;
				SWIFT_UPCOMING_FEATURE_MEMBER_IMPORT_VISIBILITY = YES;
				SWIFT_VERSION = 5.0;
				TARGETED_DEVICE_FAMILY = "1,2";
				TEST_HOST = "$(BUILT_PRODUCTS_DIR)/TestObjectBox.app/$(BUNDLE_EXECUTABLE_FOLDER_PATH)/TestObjectBox";
			};
			name = Debug;
		};
		98D43E7B2EA6FCCD0062C452 /* Release */ = {
			isa = XCBuildConfiguration;
			buildSettings = {
				BUNDLE_LOADER = "$(TEST_HOST)";
				CODE_SIGN_STYLE = Automatic;
				CURRENT_PROJECT_VERSION = 1;
				DEVELOPMENT_TEAM = 2X854V6KAX;
				GENERATE_INFOPLIST_FILE = YES;
				IPHONEOS_DEPLOYMENT_TARGET = 26.0;
				MARKETING_VERSION = 1.0;
				PRODUCT_BUNDLE_IDENTIFIER = com.synk.TestObjectBoxTests;
				PRODUCT_NAME = "$(TARGET_NAME)";
				STRING_CATALOG_GENERATE_SYMBOLS = NO;
				SWIFT_APPROACHABLE_CONCURRENCY = YES;
				SWIFT_EMIT_LOC_STRINGS = NO;
				SWIFT_UPCOMING_FEATURE_MEMBER_IMPORT_VISIBILITY = YES;
				SWIFT_VERSION = 5.0;
				TARGETED_DEVICE_FAMILY = "1,2";
				TEST_HOST = "$(BUILT_PRODUCTS_DIR)/TestObjectBox.app/$(BUNDLE_EXECUTABLE_FOLDER_PATH)/TestObjectBox";
			};
			name = Release;
		};
		98D43E7D2EA6FCCD0062C452 /* Debug */ = {
			isa = XCBuildConfiguration;
			buildSettings = {
				CODE_SIGN_STYLE = Automatic;
				CURRENT_PROJECT_VERSION = 1;
				DEVELOPMENT_TEAM = 2X854V6KAX;
				GENERATE_INFOPLIST_FILE = YES;
				MARKETING_VERSION = 1.0;
				PRODUCT_BUNDLE_IDENTIFIER = com.synk.TestObjectBoxUITests;
				PRODUCT_NAME = "$(TARGET_NAME)";
				STRING_CATALOG_GENERATE_SYMBOLS = NO;
				SWIFT_APPROACHABLE_CONCURRENCY = YES;
				SWIFT_EMIT_LOC_STRINGS = NO;
				SWIFT_UPCOMING_FEATURE_MEMBER_IMPORT_VISIBILITY = YES;
				SWIFT_VERSION = 5.0;
				TARGETED_DEVICE_FAMILY = "1,2";
				TEST_TARGET_NAME = TestObjectBox;
			};
			name = Debug;
		};
		98D43E7E2EA6FCCD0062C452 /* Release */ = {
			isa = XCBuildConfiguration;
			buildSettings = {
				CODE_SIGN_STYLE = Automatic;
				CURRENT_PROJECT_VERSION = 1;
				DEVELOPMENT_TEAM = 2X854V6KAX;
				GENERATE_INFOPLIST_FILE = YES;
				MARKETING_VERSION = 1.0;
				PRODUCT_BUNDLE_IDENTIFIER = com.synk.TestObjectBoxUITests;
				PRODUCT_NAME = "$(TARGET_NAME)";
				STRING_CATALOG_GENERATE_SYMBOLS = NO;
				SWIFT_APPROACHABLE_CONCURRENCY = YES;
				SWIFT_EMIT_LOC_STRINGS = NO;
				SWIFT_UPCOMING_FEATURE_MEMBER_IMPORT_VISIBILITY = YES;
				SWIFT_VERSION = 5.0;
				TARGETED_DEVICE_FAMILY = "1,2";
				TEST_TARGET_NAME = TestObjectBox;
			};
			name = Release;
		};
/* End XCBuildConfiguration section */

/* Begin XCConfigurationList section */
		98D43E4E2EA6FCCC0062C452 /* Build configuration list for PBXProject "TestObjectBox" */ = {
			isa = XCConfigurationList;
			buildConfigurations = (
				98D43E742EA6FCCD0062C452 /* Debug */,
				98D43E752EA6FCCD0062C452 /* Release */,
			);
			defaultConfigurationIsVisible = 0;
			defaultConfigurationName = Release;
		};
		98D43E762EA6FCCD0062C452 /* Build configuration list for PBXNativeTarget "TestObjectBox" */ = {
			isa = XCConfigurationList;
			buildConfigurations = (
				98D43E772EA6FCCD0062C452 /* Debug */,
				98D43E782EA6FCCD0062C452 /* Release */,
			);
			defaultConfigurationIsVisible = 0;
			defaultConfigurationName = Release;
		};
		98D43E792EA6FCCD0062C452 /* Build configuration list for PBXNativeTarget "TestObjectBoxTests" */ = {
			isa = XCConfigurationList;
			buildConfigurations = (
				98D43E7A2EA6FCCD0062C452 /* Debug */,
				98D43E7B2EA6FCCD0062C452 /* Release */,
			);
			defaultConfigurationIsVisible = 0;
			defaultConfigurationName = Release;
		};
		98D43E7C2EA6FCCD0062C452 /* Build configuration list for PBXNativeTarget "TestObjectBoxUITests" */ = {
			isa = XCConfigurationList;
			buildConfigurations = (
				98D43E7D2EA6FCCD0062C452 /* Debug */,
				98D43E7E2EA6FCCD0062C452 /* Release */,
			);
			defaultConfigurationIsVisible = 0;
			defaultConfigurationName = Release;
		};
/* End XCConfigurationList section */

/* Begin XCRemoteSwiftPackageReference section */
		98D43E7F2EA6FD0C0062C452 /* XCRemoteSwiftPackageReference "objectbox-swift-spm" */ = {
			isa = XCRemoteSwiftPackageReference;
			repositoryURL = "https://github.com/objectbox/objectbox-swift-spm";
			requirement = {
				kind = upToNextMajorVersion;
				minimumVersion = 5.0.0;
			};
		};
/* End XCRemoteSwiftPackageReference section */

/* Begin XCSwiftPackageProductDependency section */
		98D43E802EA6FD0C0062C452 /* ObjectBox.xcframework */ = {
			isa = XCSwiftPackageProductDependency;
			package = 98D43E7F2EA6FD0C0062C452 /* XCRemoteSwiftPackageReference "objectbox-swift-spm" */;
			productName = ObjectBox.xcframework;
		};
/* End XCSwiftPackageProductDependency section */
	};
	rootObject = 98D43E4B2EA6FCCC0062C452 /* Project object */;
}
